
Microsoft Visual Studio Solution File, Format Version 12.00
# Visual Studio 2012
Project("{FAE04EC0-301F-11D3-BF4B-00C04F79EFBC}") = "Hummingbird", "Hummingbird\Hummingbird.csproj", "{0686452E-6DFB-43A3-AD14-500EB34C0BAE}"
EndProject
Project("{2150E333-8FDC-42A3-9474-1A3956D46DE8}") = ".nuget", ".nuget", "{32EBE49F-653C-42D5-8323-B7132545E105}"
	ProjectSection(SolutionItems) = preProject
		.nuget\NuGet.Config = .nuget\NuGet.Config
		.nuget\NuGet.exe = .nuget\NuGet.exe
		.nuget\NuGet.targets = .nuget\NuGet.targets
	EndProjectSection
EndProject
Project("{FAE04EC0-301F-11D3-BF4B-00C04F79EFBC}") = "Hummingbird.EntityFramework", "Hummingbird.EntityFramework\Hummingbird.EntityFramework.csproj", "{3F1FA30F-DB81-497A-BB06-6AAB0BA739E3}"
EndProject
Project("{2150E333-8FDC-42A3-9474-1A3956D46DE8}") = "samples", "samples", "{20CD8BE3-0BAB-4F8E-A079-9F4DB5D56095}"
EndProject
Project("{FAE04EC0-301F-11D3-BF4B-00C04F79EFBC}") = "Northwind", "Northwind\Northwind.csproj", "{61E2C0E1-805C-4129-888D-87E46EA333EF}"
EndProject
Project("{FAE04EC0-301F-11D3-BF4B-00C04F79EFBC}") = "Northwind.Orders", "Northwind.Orders\Northwind.Orders.csproj", "{10EFD155-2E53-4619-B34E-BD10CB9BE83A}"
EndProject
Project("{FAE04EC0-301F-11D3-BF4B-00C04F79EFBC}") = "Northwind.WebApi", "Northwind.WebApi\Northwind.WebApi.csproj", "{6A5CA8EE-4A84-46E8-8FD4-DA1C7600FA4D}"
EndProject
Global
	GlobalSection(SolutionConfigurationPlatforms) = preSolution
		Debug|Any CPU = Debug|Any CPU
		Release|Any CPU = Release|Any CPU
	EndGlobalSection
	GlobalSection(ProjectConfigurationPlatforms) = postSolution
		{0686452E-6DFB-43A3-AD14-500EB34C0BAE}.Debug|Any CPU.ActiveCfg = Debug|Any CPU
		{0686452E-6DFB-43A3-AD14-500EB34C0BAE}.Debug|Any CPU.Build.0 = Debug|Any CPU
		{0686452E-6DFB-43A3-AD14-500EB34C0BAE}.Release|Any CPU.ActiveCfg = Release|Any CPU
		{0686452E-6DFB-43A3-AD14-500EB34C0BAE}.Release|Any CPU.Build.0 = Release|Any CPU
		{3F1FA30F-DB81-497A-BB06-6AAB0BA739E3}.Debug|Any CPU.ActiveCfg = Debug|Any CPU
		{3F1FA30F-DB81-497A-BB06-6AAB0BA739E3}.Debug|Any CPU.Build.0 = Debug|Any CPU
		{3F1FA30F-DB81-497A-BB06-6AAB0BA739E3}.Release|Any CPU.ActiveCfg = Release|Any CPU
		{3F1FA30F-DB81-497A-BB06-6AAB0BA739E3}.Release|Any CPU.Build.0 = Release|Any CPU
		{61E2C0E1-805C-4129-888D-87E46EA333EF}.Debug|Any CPU.ActiveCfg = Debug|Any CPU
		{61E2C0E1-805C-4129-888D-87E46EA333EF}.Debug|Any CPU.Build.0 = Debug|Any CPU
		{61E2C0E1-805C-4129-888D-87E46EA333EF}.Release|Any CPU.ActiveCfg = Release|Any CPU
		{61E2C0E1-805C-4129-888D-87E46EA333EF}.Release|Any CPU.Build.0 = Release|Any CPU
		{10EFD155-2E53-4619-B34E-BD10CB9BE83A}.Debug|Any CPU.ActiveCfg = Debug|Any CPU
		{10EFD155-2E53-4619-B34E-BD10CB9BE83A}.Debug|Any CPU.Build.0 = Debug|Any CPU
		{10EFD155-2E53-4619-B34E-BD10CB9BE83A}.Release|Any CPU.ActiveCfg = Release|Any CPU
		{10EFD155-2E53-4619-B34E-BD10CB9BE83A}.Release|Any CPU.Build.0 = Release|Any CPU
		{6A5CA8EE-4A84-46E8-8FD4-DA1C7600FA4D}.Debug|Any CPU.ActiveCfg = Debug|Any CPU
		{6A5CA8EE-4A84-46E8-8FD4-DA1C7600FA4D}.Debug|Any CPU.Build.0 = Debug|Any CPU
		{6A5CA8EE-4A84-46E8-8FD4-DA1C7600FA4D}.Release|Any CPU.ActiveCfg = Release|Any CPU
		{6A5CA8EE-4A84-46E8-8FD4-DA1C7600FA4D}.Release|Any CPU.Build.0 = Release|Any CPU
	EndGlobalSection
	GlobalSection(SolutionProperties) = preSolution
		HideSolutionNode = FALSE
	EndGlobalSection
	GlobalSection(NestedProjects) = preSolution
		{61E2C0E1-805C-4129-888D-87E46EA333EF} = {20CD8BE3-0BAB-4F8E-A079-9F4DB5D56095}
		{10EFD155-2E53-4619-B34E-BD10CB9BE83A} = {20CD8BE3-0BAB-4F8E-A079-9F4DB5D56095}
		{6A5CA8EE-4A84-46E8-8FD4-DA1C7600FA4D} = {20CD8BE3-0BAB-4F8E-A079-9F4DB5D56095}
	EndGlobalSection
EndGlobal
